// !$*UTF8*$!
{
	archiveVersion = 1;
	classes = {
	};
	objectVersion = 77;
	objects = {

/* Begin PBXBuildFile section */
		1C547F2B2F0E7DC0008120A6 /* WhisperKit in Frameworks */ = {isa = PBXBuildFile; productRef = 1C547F2A2F0E7DC0008120A6 /* WhisperKit */; };
		1CE4CB3F2F0EF6AF00C01C62 /* KeyboardShortcuts in Frameworks */ = {isa = PBXBuildFile; productRef = 1CE4CB3E2F0EF6AF00C01C62 /* KeyboardShortcuts */; };
		1CE4CB412F0EF86B00C01C62 /* whisperkit-cli in Frameworks */ = {isa = PBXBuildFile; productRef = 1CE4CB402F0EF86B00C01C62 /* whisperkit-cli */; };
/* End PBXBuildFile section */

/* Begin PBXContainerItemProxy section */
		362947302F0DBC5100BE895D /* PBXContainerItemProxy */ = {
			isa = PBXContainerItemProxy;
			containerPortal = 3629471A2F0DBC4E00BE895D /* Project object */;
			proxyType = 1;
			remoteGlobalIDString = 362947212F0DBC4E00BE895D;
			remoteInfo = speaktype;
		};
		3629473A2F0DBC5100BE895D /* PBXContainerItemProxy */ = {
			isa = PBXContainerItemProxy;
			containerPortal = 3629471A2F0DBC4E00BE895D /* Project object */;
			proxyType = 1;
			remoteGlobalIDString = 362947212F0DBC4E00BE895D;
			remoteInfo = speaktype;
		};
/* End PBXContainerItemProxy section */

/* Begin PBXFileReference section */
		362947222F0DBC4E00BE895D /* speaktype.app */ = {isa = PBXFileReference; explicitFileType = wrapper.application; includeInIndex = 0; path = speaktype.app; sourceTree = BUILT_PRODUCTS_DIR; };
		3629472F2F0DBC5100BE895D /* speaktypeTests.xctest */ = {isa = PBXFileReference; explicitFileType = wrapper.cfbundle; includeInIndex = 0; path = speaktypeTests.xctest; sourceTree = BUILT_PRODUCTS_DIR; };
		362947392F0DBC5100BE895D /* speaktypeUITests.xctest */ = {isa = PBXFileReference; explicitFileType = wrapper.cfbundle; includeInIndex = 0; path = speaktypeUITests.xctest; sourceTree = BUILT_PRODUCTS_DIR; };
/* End PBXFileReference section */

/* Begin PBXFileSystemSynchronizedBuildFileExceptionSet section */
		362947242F0DBC4E00BE895E /* Exceptions for "speaktype" folder in "speaktype" target */ = {
			isa = PBXFileSystemSynchronizedBuildFileExceptionSet;
			membershipExceptions = (
				Resources/Info.plist,
			);
			target = 362947212F0DBC4E00BE895D /* speaktype */;
		};
/* End PBXFileSystemSynchronizedBuildFileExceptionSet section */

/* Begin PBXFileSystemSynchronizedRootGroup section */
		362947242F0DBC4E00BE895D /* speaktype */ = {
			isa = PBXFileSystemSynchronizedRootGroup;
			exceptions = (
				362947242F0DBC4E00BE895E /* Exceptions for "speaktype" folder in "speaktype" target */,
			);
			path = speaktype;
			sourceTree = "<group>";
		};
		362947322F0DBC5100BE895D /* speaktypeTests */ = {
			isa = PBXFileSystemSynchronizedRootGroup;
			path = speaktypeTests;
			sourceTree = "<group>";
		};
		3629473C2F0DBC5100BE895D /* speaktypeUITests */ = {
			isa = PBXFileSystemSynchronizedRootGroup;
			path = speaktypeUITests;
			sourceTree = "<group>";
		};
/* End PBXFileSystemSynchronizedRootGroup section */

/* Begin PBXFrameworksBuildPhase section */
		3629471F2F0DBC4E00BE895D /* Frameworks */ = {
			isa = PBXFrameworksBuildPhase;
			buildActionMask = 2147483647;
			files = (
				1C547F2B2F0E7DC0008120A6 /* WhisperKit in Frameworks */,
				1CE4CB3F2F0EF6AF00C01C62 /* KeyboardShortcuts in Frameworks */,
				1CE4CB412F0EF86B00C01C62 /* whisperkit-cli in Frameworks */,
			);
			runOnlyForDeploymentPostprocessing = 0;
		};
		3629472C2F0DBC5100BE895D /* Frameworks */ = {
			isa = PBXFrameworksBuildPhase;
			buildActionMask = 2147483647;
			files = (
			);
			runOnlyForDeploymentPostprocessing = 0;
		};
		362947362F0DBC5100BE895D /* Frameworks */ = {
			isa = PBXFrameworksBuildPhase;
			buildActionMask = 2147483647;
			files = (
			);
			runOnlyForDeploymentPostprocessing = 0;
		};
/* End PBXFrameworksBuildPhase section */

/* Begin PBXGroup section */
		1C547F292F0E7DC0008120A6 /* Frameworks */ = {
			isa = PBXGroup;
			children = (
			);
			name = Frameworks;
			sourceTree = "<group>";
		};
		362947192F0DBC4E00BE895D = {
			isa = PBXGroup;
			children = (
				362947242F0DBC4E00BE895D /* speaktype */,
				362947322F0DBC5100BE895D /* speaktypeTests */,
				3629473C2F0DBC5100BE895D /* speaktypeUITests */,
				1C547F292F0E7DC0008120A6 /* Frameworks */,
				362947232F0DBC4E00BE895D /* Products */,
			);
			sourceTree = "<group>";
		};
		362947232F0DBC4E00BE895D /* Products */ = {
			isa = PBXGroup;
			children = (
				362947222F0DBC4E00BE895D /* speaktype.app */,
				3629472F2F0DBC5100BE895D /* speaktypeTests.xctest */,
				362947392F0DBC5100BE895D /* speaktypeUITests.xctest */,
			);
			name = Products;
			sourceTree = "<group>";
		};
/* End PBXGroup section */

/* Begin PBXNativeTarget section */
		362947212F0DBC4E00BE895D /* speaktype */ = {
			isa = PBXNativeTarget;
			buildConfigurationList = 362947432F0DBC5100BE895D /* Build configuration list for PBXNativeTarget "speaktype" */;
			buildPhases = (
				3629471E2F0DBC4E00BE895D /* Sources */,
				3629471F2F0DBC4E00BE895D /* Frameworks */,
				362947202F0DBC4E00BE895D /* Resources */,
			);
			buildRules = (
			);
			dependencies = (
			);
			fileSystemSynchronizedGroups = (
				362947242F0DBC4E00BE895D /* speaktype */,
			);
			name = speaktype;
			packageProductDependencies = (
				1C547F2A2F0E7DC0008120A6 /* WhisperKit */,
				1CE4CB3E2F0EF6AF00C01C62 /* KeyboardShortcuts */,
				1CE4CB402F0EF86B00C01C62 /* whisperkit-cli */,
			);
			productName = speaktype;
			productReference = 362947222F0DBC4E00BE895D /* speaktype.app */;
			productType = "com.apple.product-type.application";
		};
		3629472E2F0DBC5100BE895D /* speaktypeTests */ = {
			isa = PBXNativeTarget;
			buildConfigurationList = 362947462F0DBC5100BE895D /* Build configuration list for PBXNativeTarget "speaktypeTests" */;
			buildPhases = (
				3629472B2F0DBC5100BE895D /* Sources */,
				3629472C2F0DBC5100BE895D /* Frameworks */,
				3629472D2F0DBC5100BE895D /* Resources */,
			);
			buildRules = (
			);
			dependencies = (
				362947312F0DBC5100BE895D /* PBXTargetDependency */,
			);
			fileSystemSynchronizedGroups = (
				362947322F0DBC5100BE895D /* speaktypeTests */,
			);
			name = speaktypeTests;
			packageProductDependencies = (
			);
			productName = speaktypeTests;
			productReference = 3629472F2F0DBC5100BE895D /* speaktypeTests.xctest */;
			productType = "com.apple.product-type.bundle.unit-test";
		};
		362947382F0DBC5100BE895D /* speaktypeUITests */ = {
			isa = PBXNativeTarget;
			buildConfigurationList = 362947492F0DBC5100BE895D /* Build configuration list for PBXNativeTarget "speaktypeUITests" */;
			buildPhases = (
				362947352F0DBC5100BE895D /* Sources */,
				362947362F0DBC5100BE895D /* Frameworks */,
				362947372F0DBC5100BE895D /* Resources */,
			);
			buildRules = (
			);
			dependencies = (
				3629473B2F0DBC5100BE895D /* PBXTargetDependency */,
			);
			fileSystemSynchronizedGroups = (
				3629473C2F0DBC5100BE895D /* speaktypeUITests */,
			);
			name = speaktypeUITests;
			packageProductDependencies = (
			);
			productName = speaktypeUITests;
			productReference = 362947392F0DBC5100BE895D /* speaktypeUITests.xctest */;
			productType = "com.apple.product-type.bundle.ui-testing";
		};
/* End PBXNativeTarget section */

/* Begin PBXProject section */
		3629471A2F0DBC4E00BE895D /* Project object */ = {
			isa = PBXProject;
			attributes = {
				BuildIndependentTargetsInParallel = 1;
				LastSwiftUpdateCheck = 2610;
				LastUpgradeCheck = 2610;
				TargetAttributes = {
					362947212F0DBC4E00BE895D = {
						CreatedOnToolsVersion = 26.1.1;
					};
					3629472E2F0DBC5100BE895D = {
						CreatedOnToolsVersion = 26.1.1;
						TestTargetID = 362947212F0DBC4E00BE895D;
					};
					362947382F0DBC5100BE895D = {
						CreatedOnToolsVersion = 26.1.1;
						TestTargetID = 362947212F0DBC4E00BE895D;
					};
				};
			};
			buildConfigurationList = 3629471D2F0DBC4E00BE895D /* Build configuration list for PBXProject "speaktype" */;
			developmentRegion = en;
			hasScannedForEncodings = 0;
			knownRegions = (
				en,
				Base,
			);
			mainGroup = 362947192F0DBC4E00BE895D;
			minimizedProjectReferenceProxies = 1;
			packageReferences = (
				1C547F222F0E7D07008120A6 /* XCRemoteSwiftPackageReference "WhisperKit" */,
				1CE4CB3D2F0EF6AF00C01C62 /* XCRemoteSwiftPackageReference "KeyboardShortcuts" */,
			);
			preferredProjectObjectVersion = 77;
			productRefGroup = 362947232F0DBC4E00BE895D /* Products */;
			projectDirPath = "";
			projectRoot = "";
			targets = (
				362947212F0DBC4E00BE895D /* speaktype */,
				3629472E2F0DBC5100BE895D /* speaktypeTests */,
				362947382F0DBC5100BE895D /* speaktypeUITests */,
			);
		};
/* End PBXProject section */

/* Begin PBXResourcesBuildPhase section */
		362947202F0DBC4E00BE895D /* Resources */ = {
			isa = PBXResourcesBuildPhase;
			buildActionMask = 2147483647;
			files = (
			);
			runOnlyForDeploymentPostprocessing = 0;
		};
		3629472D2F0DBC5100BE895D /* Resources */ = {
			isa = PBXResourcesBuildPhase;
			buildActionMask = 2147483647;
			files = (
			);
			runOnlyForDeploymentPostprocessing = 0;
		};
		362947372F0DBC5100BE895D /* Resources */ = {
			isa = PBXResourcesBuildPhase;
			buildActionMask = 2147483647;
			files = (
			);
			runOnlyForDeploymentPostprocessing = 0;
		};
/* End PBXResourcesBuildPhase section */

/* Begin PBXSourcesBuildPhase section */
		3629471E2F0DBC4E00BE895D /* Sources */ = {
			isa = PBXSourcesBuildPhase;
			buildActionMask = 2147483647;
			files = (
			);
			runOnlyForDeploymentPostprocessing = 0;
		};
		3629472B2F0DBC5100BE895D /* Sources */ = {
			isa = PBXSourcesBuildPhase;
			buildActionMask = 2147483647;
			files = (
			);
			runOnlyForDeploymentPostprocessing = 0;
		};
		362947352F0DBC5100BE895D /* Sources */ = {
			isa = PBXSourcesBuildPhase;
			buildActionMask = 2147483647;
			files = (
			);
			runOnlyForDeploymentPostprocessing = 0;
		};
/* End PBXSourcesBuildPhase section */

/* Begin PBXTargetDependency section */
		362947312F0DBC5100BE895D /* PBXTargetDependency */ = {
			isa = PBXTargetDependency;
			target = 362947212F0DBC4E00BE895D /* speaktype */;
			targetProxy = 362947302F0DBC5100BE895D /* PBXContainerItemProxy */;
		};
		3629473B2F0DBC5100BE895D /* PBXTargetDependency */ = {
			isa = PBXTargetDependency;
			target = 362947212F0DBC4E00BE895D /* speaktype */;
			targetProxy = 3629473A2F0DBC5100BE895D /* PBXContainerItemProxy */;
		};
/* End PBXTargetDependency section */

/* Begin XCBuildConfiguration section */
		362947412F0DBC5100BE895D /* Debug */ = {
			isa = XCBuildConfiguration;
			buildSettings = {
				ALWAYS_SEARCH_USER_PATHS = NO;
				ASSETCATALOG_COMPILER_GENERATE_SWIFT_ASSET_SYMBOL_EXTENSIONS = YES;
				CLANG_ANALYZER_NONNULL = YES;
				CLANG_ANALYZER_NUMBER_OBJECT_CONVERSION = YES_AGGRESSIVE;
				CLANG_CXX_LANGUAGE_STANDARD = "gnu++20";
				CLANG_ENABLE_MODULES = YES;
				CLANG_ENABLE_OBJC_ARC = YES;
				CLANG_ENABLE_OBJC_WEAK = YES;
				CLANG_WARN_BLOCK_CAPTURE_AUTORELEASING = YES;
				CLANG_WARN_BOOL_CONVERSION = YES;
				CLANG_WARN_COMMA = YES;
				CLANG_WARN_CONSTANT_CONVERSION = YES;
				CLANG_WARN_DEPRECATED_OBJC_IMPLEMENTATIONS = YES;
				CLANG_WARN_DIRECT_OBJC_ISA_USAGE = YES_ERROR;
				CLANG_WARN_DOCUMENTATION_COMMENTS = YES;
				CLANG_WARN_EMPTY_BODY = YES;
				CLANG_WARN_ENUM_CONVERSION = YES;
				CLANG_WARN_INFINITE_RECURSION = YES;
				CLANG_WARN_INT_CONVERSION = YES;
				CLANG_WARN_NON_LITERAL_NULL_CONVERSION = YES;
				CLANG_WARN_OBJC_IMPLICIT_RETAIN_SELF = YES;
				CLANG_WARN_OBJC_LITERAL_CONVERSION = YES;
				CLANG_WARN_OBJC_ROOT_CLASS = YES_ERROR;
				CLANG_WARN_QUOTED_INCLUDE_IN_FRAMEWORK_HEADER = YES;
				CLANG_WARN_RANGE_LOOP_ANALYSIS = YES;
				CLANG_WARN_STRICT_PROTOTYPES = YES;
				CLANG_WARN_SUSPICIOUS_MOVE = YES;
				CLANG_WARN_UNGUARDED_AVAILABILITY = YES_AGGRESSIVE;
				CLANG_WARN_UNREACHABLE_CODE = YES;
				CLANG_WARN__DUPLICATE_METHOD_MATCH = YES;
				COPY_PHASE_STRIP = NO;
				DEBUG_INFORMATION_FORMAT = dwarf;
				ENABLE_STRICT_OBJC_MSGSEND = YES;
				ENABLE_TESTABILITY = YES;
				ENABLE_USER_SCRIPT_SANDBOXING = YES;
				GCC_C_LANGUAGE_STANDARD = gnu17;
				GCC_DYNAMIC_NO_PIC = NO;
				GCC_NO_COMMON_BLOCKS = YES;
				GCC_OPTIMIZATION_LEVEL = 0;
				GCC_PREPROCESSOR_DEFINITIONS = (
					"DEBUG=1",
					"$(inherited)",
				);
				GCC_WARN_64_TO_32_BIT_CONVERSION = YES;
				GCC_WARN_ABOUT_RETURN_TYPE = YES_ERROR;
				GCC_WARN_UNDECLARED_SELECTOR = YES;
				GCC_WARN_UNINITIALIZED_AUTOS = YES_AGGRESSIVE;
				GCC_WARN_UNUSED_FUNCTION = YES;
				GCC_WARN_UNUSED_VARIABLE = YES;
				LOCALIZATION_PREFERS_STRING_CATALOGS = YES;
				MACOSX_DEPLOYMENT_TARGET = 14.0;
				MTL_ENABLE_DEBUG_INFO = INCLUDE_SOURCE;
				MTL_FAST_MATH = YES;
				ONLY_ACTIVE_ARCH = YES;
				SDKROOT = macosx;
				SWIFT_ACTIVE_COMPILATION_CONDITIONS = "DEBUG $(inherited)";
				SWIFT_OPTIMIZATION_LEVEL = "-Onone";
			};
			name = Debug;
		};
		362947422F0DBC5100BE895D /* Release */ = {
			isa = XCBuildConfiguration;
			buildSettings = {
				ALWAYS_SEARCH_USER_PATHS = NO;
				ASSETCATALOG_COMPILER_GENERATE_SWIFT_ASSET_SYMBOL_EXTENSIONS = YES;
				CLANG_ANALYZER_NONNULL = YES;
				CLANG_ANALYZER_NUMBER_OBJECT_CONVERSION = YES_AGGRESSIVE;
				CLANG_CXX_LANGUAGE_STANDARD = "gnu++20";
				CLANG_ENABLE_MODULES = YES;
				CLANG_ENABLE_OBJC_ARC = YES;
				CLANG_ENABLE_OBJC_WEAK = YES;
				CLANG_WARN_BLOCK_CAPTURE_AUTORELEASING = YES;
				CLANG_WARN_BOOL_CONVERSION = YES;
				CLANG_WARN_COMMA = YES;
				CLANG_WARN_CONSTANT_CONVERSION = YES;
				CLANG_WARN_DEPRECATED_OBJC_IMPLEMENTATIONS = YES;
				CLANG_WARN_DIRECT_OBJC_ISA_USAGE = YES_ERROR;
				CLANG_WARN_DOCUMENTATION_COMMENTS = YES;
				CLANG_WARN_EMPTY_BODY = YES;
				CLANG_WARN_ENUM_CONVERSION = YES;
				CLANG_WARN_INFINITE_RECURSION = YES;
				CLANG_WARN_INT_CONVERSION = YES;
				CLANG_WARN_NON_LITERAL_NULL_CONVERSION = YES;
				CLANG_WARN_OBJC_IMPLICIT_RETAIN_SELF = YES;
				CLANG_WARN_OBJC_LITERAL_CONVERSION = YES;
				CLANG_WARN_OBJC_ROOT_CLASS = YES_ERROR;
				CLANG_WARN_QUOTED_INCLUDE_IN_FRAMEWORK_HEADER = YES;
				CLANG_WARN_RANGE_LOOP_ANALYSIS = YES;
				CLANG_WARN_STRICT_PROTOTYPES = YES;
				CLANG_WARN_SUSPICIOUS_MOVE = YES;
				CLANG_WARN_UNGUARDED_AVAILABILITY = YES_AGGRESSIVE;
				CLANG_WARN_UNREACHABLE_CODE = YES;
				CLANG_WARN__DUPLICATE_METHOD_MATCH = YES;
				COPY_PHASE_STRIP = NO;
				DEBUG_INFORMATION_FORMAT = "dwarf-with-dsym";
				ENABLE_NS_ASSERTIONS = NO;
				ENABLE_STRICT_OBJC_MSGSEND = YES;
				ENABLE_USER_SCRIPT_SANDBOXING = YES;
				GCC_C_LANGUAGE_STANDARD = gnu17;
				GCC_NO_COMMON_BLOCKS = YES;
				GCC_WARN_64_TO_32_BIT_CONVERSION = YES;
				GCC_WARN_ABOUT_RETURN_TYPE = YES_ERROR;
				GCC_WARN_UNDECLARED_SELECTOR = YES;
				GCC_WARN_UNINITIALIZED_AUTOS = YES_AGGRESSIVE;
				GCC_WARN_UNUSED_FUNCTION = YES;
				GCC_WARN_UNUSED_VARIABLE = YES;
				LOCALIZATION_PREFERS_STRING_CATALOGS = YES;
				MACOSX_DEPLOYMENT_TARGET = 14.0;
				MTL_ENABLE_DEBUG_INFO = NO;
				MTL_FAST_MATH = YES;
				SDKROOT = macosx;
				SWIFT_COMPILATION_MODE = wholemodule;
			};
			name = Release;
		};
		362947442F0DBC5100BE895D /* Debug */ = {
			isa = XCBuildConfiguration;
			buildSettings = {
				ASSETCATALOG_COMPILER_APPICON_NAME = AppIcon;
				ASSETCATALOG_COMPILER_GLOBAL_ACCENT_COLOR_NAME = AccentColor;
				CODE_SIGN_ENTITLEMENTS = speaktype/Resources/speaktype.entitlements;
				CODE_SIGN_STYLE = Automatic;
				COMBINE_HIDPI_IMAGES = YES;
				CURRENT_PROJECT_VERSION = 21;
				DEVELOPMENT_TEAM = PCV4UMSRZX;
				ENABLE_APP_SANDBOX = NO;
				ENABLE_HARDENED_RUNTIME = YES;
				ENABLE_PREVIEWS = YES;
				ENABLE_USER_SELECTED_FILES = readonly;
				GENERATE_INFOPLIST_FILE = NO;
				INFOPLIST_FILE = speaktype/Resources/Info.plist;
				INFOPLIST_KEY_NSHumanReadableCopyright = "";
				LD_RUNPATH_SEARCH_PATHS = (
					"$(inherited)",
					"@executable_path/../Frameworks",
				);
				MARKETING_VERSION = 2.0.0;
				PRODUCT_BUNDLE_IDENTIFIER = "com.2048labs.speaktype-tb";
				PRODUCT_MODULE_NAME = speaktype;
				PRODUCT_NAME = "speaktype-tb";
				REGISTER_APP_GROUPS = YES;
				STRING_CATALOG_GENERATE_SYMBOLS = YES;
				SWIFT_APPROACHABLE_CONCURRENCY = YES;
				SWIFT_DEFAULT_ACTOR_ISOLATION = MainActor;
				SWIFT_EMIT_LOC_STRINGS = YES;
				SWIFT_UPCOMING_FEATURE_MEMBER_IMPORT_VISIBILITY = YES;
				SWIFT_VERSION = 5.0;
			};
			name = Debug;
		};
		362947452F0DBC5100BE895D /* Release */ = {
			isa = XCBuildConfiguration;
			buildSettings = {
				ASSETCATALOG_COMPILER_APPICON_NAME = AppIcon;
				ASSETCATALOG_COMPILER_GLOBAL_ACCENT_COLOR_NAME = AccentColor;
				CODE_SIGN_ENTITLEMENTS = speaktype/Resources/speaktype.entitlements;
				CODE_SIGN_STYLE = Automatic;
				COMBINE_HIDPI_IMAGES = YES;
				CURRENT_PROJECT_VERSION = 21;
				DEVELOPMENT_TEAM = PCV4UMSRZX;
				ENABLE_APP_SANDBOX = NO;
				ENABLE_HARDENED_RUNTIME = YES;
				ENABLE_PREVIEWS = YES;
				ENABLE_USER_SELECTED_FILES = readonly;
				GENERATE_INFOPLIST_FILE = NO;
				INFOPLIST_FILE = speaktype/Resources/Info.plist;
				INFOPLIST_KEY_NSHumanReadableCopyright = "";
				LD_RUNPATH_SEARCH_PATHS = (
					"$(inherited)",
					"@executable_path/../Frameworks",
				);
				MARKETING_VERSION = 2.0.0;
				PRODUCT_BUNDLE_IDENTIFIER = "com.2048labs.speaktype-tb";
				PRODUCT_MODULE_NAME = speaktype;
				PRODUCT_NAME = "speaktype-tb";
				REGISTER_APP_GROUPS = YES;
				STRING_CATALOG_GENERATE_SYMBOLS = YES;
				SWIFT_APPROACHABLE_CONCURRENCY = YES;
				SWIFT_DEFAULT_ACTOR_ISOLATION = MainActor;
				SWIFT_EMIT_LOC_STRINGS = YES;
				SWIFT_UPCOMING_FEATURE_MEMBER_IMPORT_VISIBILITY = YES;
				SWIFT_VERSION = 5.0;
			};
			name = Release;
		};
		362947472F0DBC5100BE895D /* Debug */ = {
			isa = XCBuildConfiguration;
			buildSettings = {
				BUNDLE_LOADER = "$(TEST_HOST)";
				CODE_SIGN_STYLE = Automatic;
				CURRENT_PROJECT_VERSION = 21;
				GENERATE_INFOPLIST_FILE = YES;
				MACOSX_DEPLOYMENT_TARGET = 26.1;
				MARKETING_VERSION = 2.0.0;
				PRODUCT_BUNDLE_IDENTIFIER = com.2048labs.speaktypeTests;
				PRODUCT_NAME = "$(TARGET_NAME)";
				STRING_CATALOG_GENERATE_SYMBOLS = NO;
				SWIFT_APPROACHABLE_CONCURRENCY = YES;
				SWIFT_EMIT_LOC_STRINGS = NO;
				SWIFT_UPCOMING_FEATURE_MEMBER_IMPORT_VISIBILITY = YES;
				SWIFT_VERSION = 5.0;
				TEST_HOST = "$(BUILT_PRODUCTS_DIR)/speaktype-tb.app/$(BUNDLE_EXECUTABLE_FOLDER_PATH)/speaktype-tb";
			};
			name = Debug;
		};
		362947482F0DBC5100BE895D /* Release */ = {
			isa = XCBuildConfiguration;
			buildSettings = {
				BUNDLE_LOADER = "$(TEST_HOST)";
				CODE_SIGN_STYLE = Automatic;
				CURRENT_PROJECT_VERSION = 21;
				GENERATE_INFOPLIST_FILE = YES;
				MACOSX_DEPLOYMENT_TARGET = 26.1;
				MARKETING_VERSION = 2.0.0;
				PRODUCT_BUNDLE_IDENTIFIER = com.2048labs.speaktypeTests;
				PRODUCT_NAME = "$(TARGET_NAME)";
				STRING_CATALOG_GENERATE_SYMBOLS = NO;
				SWIFT_APPROACHABLE_CONCURRENCY = YES;
				SWIFT_EMIT_LOC_STRINGS = NO;
				SWIFT_UPCOMING_FEATURE_MEMBER_IMPORT_VISIBILITY = YES;
				SWIFT_VERSION = 5.0;
				TEST_HOST = "$(BUILT_PRODUCTS_DIR)/speaktype-tb.app/$(BUNDLE_EXECUTABLE_FOLDER_PATH)/speaktype-tb";
			};
			name = Release;
		};
		3629474A2F0DBC5100BE895D /* Debug */ = {
			isa = XCBuildConfiguration;
			buildSettings = {
				CODE_SIGN_STYLE = Automatic;
				CURRENT_PROJECT_VERSION = 21;
				GENERATE_INFOPLIST_FILE = YES;
				MARKETING_VERSION = 2.0.0;
				PRODUCT_BUNDLE_IDENTIFIER = com.2048labs.speaktypeUITests;
				PRODUCT_NAME = "$(TARGET_NAME)";
				STRING_CATALOG_GENERATE_SYMBOLS = NO;
				SWIFT_APPROACHABLE_CONCURRENCY = YES;
				SWIFT_EMIT_LOC_STRINGS = NO;
				SWIFT_UPCOMING_FEATURE_MEMBER_IMPORT_VISIBILITY = YES;
				SWIFT_VERSION = 5.0;
				TEST_TARGET_NAME = speaktype;
			};
			name = Debug;
		};
		3629474B2F0DBC5100BE895D /* Release */ = {
			isa = XCBuildConfiguration;
			buildSettings = {
				CODE_SIGN_STYLE = Automatic;
				CURRENT_PROJECT_VERSION = 21;
				GENERATE_INFOPLIST_FILE = YES;
				MARKETING_VERSION = 2.0.0;
				PRODUCT_BUNDLE_IDENTIFIER = com.2048labs.speaktypeUITests;
				PRODUCT_NAME = "$(TARGET_NAME)";
				STRING_CATALOG_GENERATE_SYMBOLS = NO;
				SWIFT_APPROACHABLE_CONCURRENCY = YES;
				SWIFT_EMIT_LOC_STRINGS = NO;
				SWIFT_UPCOMING_FEATURE_MEMBER_IMPORT_VISIBILITY = YES;
				SWIFT_VERSION = 5.0;
				TEST_TARGET_NAME = speaktype;
			};
			name = Release;
		};
/* End XCBuildConfiguration section */

/* Begin XCConfigurationList section */
		3629471D2F0DBC4E00BE895D /* Build configuration list for PBXProject "speaktype" */ = {
			isa = XCConfigurationList;
			buildConfigurations = (
				362947412F0DBC5100BE895D /* Debug */,
				362947422F0DBC5100BE895D /* Release */,
			);
			defaultConfigurationIsVisible = 0;
			defaultConfigurationName = Release;
		};
		362947432F0DBC5100BE895D /* Build configuration list for PBXNativeTarget "speaktype" */ = {
			isa = XCConfigurationList;
			buildConfigurations = (
				362947442F0DBC5100BE895D /* Debug */,
				362947452F0DBC5100BE895D /* Release */,
			);
			defaultConfigurationIsVisible = 0;
			defaultConfigurationName = Release;
		};
		362947462F0DBC5100BE895D /* Build configuration list for PBXNativeTarget "speaktypeTests" */ = {
			isa = XCConfigurationList;
			buildConfigurations = (
				362947472F0DBC5100BE895D /* Debug */,
				362947482F0DBC5100BE895D /* Release */,
			);
			defaultConfigurationIsVisible = 0;
			defaultConfigurationName = Release;
		};
		362947492F0DBC5100BE895D /* Build configuration list for PBXNativeTarget "speaktypeUITests" */ = {
			isa = XCConfigurationList;
			buildConfigurations = (
				3629474A2F0DBC5100BE895D /* Debug */,
				3629474B2F0DBC5100BE895D /* Release */,
			);
			defaultConfigurationIsVisible = 0;
			defaultConfigurationName = Release;
		};
/* End XCConfigurationList section */

/* Begin XCRemoteSwiftPackageReference section */
		1C547F222F0E7D07008120A6 /* XCRemoteSwiftPackageReference "WhisperKit" */ = {
			isa = XCRemoteSwiftPackageReference;
			repositoryURL = "https://github.com/argmaxinc/WhisperKit";
			requirement = {
				kind = exactVersion;
				version = 0.9.4;
			};
		};
		1CE4CB3D2F0EF6AF00C01C62 /* XCRemoteSwiftPackageReference "KeyboardShortcuts" */ = {
			isa = XCRemoteSwiftPackageReference;
			repositoryURL = "https://github.com/sindresorhus/KeyboardShortcuts";
			requirement = {
				kind = upToNextMajorVersion;
				minimumVersion = 2.4.0;
			};
		};
/* End XCRemoteSwiftPackageReference section */

/* Begin XCSwiftPackageProductDependency section */
		1C547F2A2F0E7DC0008120A6 /* WhisperKit */ = {
			isa = XCSwiftPackageProductDependency;
			package = 1C547F222F0E7D07008120A6 /* XCRemoteSwiftPackageReference "WhisperKit" */;
			productName = WhisperKit;
		};
		1CE4CB3E2F0EF6AF00C01C62 /* KeyboardShortcuts */ = {
			isa = XCSwiftPackageProductDependency;
			package = 1CE4CB3D2F0EF6AF00C01C62 /* XCRemoteSwiftPackageReference "KeyboardShortcuts" */;
			productName = KeyboardShortcuts;
		};
		1CE4CB402F0EF86B00C01C62 /* whisperkit-cli */ = {
			isa = XCSwiftPackageProductDependency;
			package = 1C547F222F0E7D07008120A6 /* XCRemoteSwiftPackageReference "WhisperKit" */;
			productName = "whisperkit-cli";
		};
/* End XCSwiftPackageProductDependency section */
	};
	rootObject = 3629471A2F0DBC4E00BE895D /* Project object */;
}
